
Microsoft Visual Studio Solution File, Format Version 12.00
Project("{FAE04EC0-301F-11D3-BF4B-00C04F79EFBC}") = "Demo 01 Records", "Demo 01 Records\Demo 01 Records.csproj", "{0D80E7F8-73C9-4573-A381-2A000C69C3AF}"
EndProject
Project("{FAE04EC0-301F-11D3-BF4B-00C04F79EFBC}") = "Demo 02 Init", "Demo 02 Init\Demo 02 Init.csproj", "{509F046D-BA17-41EE-9372-0E1F3DE270DC}"
EndProject
Project("{FAE04EC0-301F-11D3-BF4B-00C04F79EFBC}") = "Demo 03 Lowering Async", "Demo 03 Lowering Async\Demo 03 Lowering Async.csproj", "{1DAEC20C-3D98-4A0B-8FC7-A7A5E409A512}"
EndProject
Project("{FAE04EC0-301F-11D3-BF4B-00C04F79EFBC}") = "Demo 04 Conditional", "Demo 04 Conditional\Demo 04 Conditional.csproj", "{C47D3BF1-9B5F-40DF-9F7D-23CB13730D55}"
EndProject
Project("{FAE04EC0-301F-11D3-BF4B-00C04F79EFBC}") = "Demo 05 DateOnly", "Demo 05 DateOnly\Demo 05 DateOnly.csproj", "{77C6D77E-FF95-418F-B372-19723C2BF55D}"
EndProject
Project("{FAE04EC0-301F-11D3-BF4B-00C04F79EFBC}") = "Demo 06 Pattern Matching", "Demo 06 Pattern Matching\Demo 06 Pattern Matching.csproj", "{941E3595-3CE5-44CB-9E1F-24F96904C67D}"
EndProject
Project("{FAE04EC0-301F-11D3-BF4B-00C04F79EFBC}") = "Demo 07 OCP", "Demo 07 OCP\Demo 07 OCP.csproj", "{107659E6-E2D2-48DF-BC08-71A454FEC47C}"
EndProject
Project("{FAE04EC0-301F-11D3-BF4B-00C04F79EFBC}") = "Demo 08 Out In Ref", "Demo 08 Out In Ref\Demo 08 Out In Ref.csproj", "{A1BCD417-7C12-4D2E-88C6-AEDD030E2C7F}"
EndProject
Project("{FAE04EC0-301F-11D3-BF4B-00C04F79EFBC}") = "Demo 09 DebuggerDisplay Attribute", "Demo 09 DebuggerDisplay Attribute\Demo 09 DebuggerDisplay Attribute.csproj", "{D0AD40AF-D16E-4096-9531-7186CE2FD701}"
EndProject
Project("{FAE04EC0-301F-11D3-BF4B-00C04F79EFBC}") = "Demo 10 StringBuilder", "Demo 10 StringBuilder\Demo 10 StringBuilder.csproj", "{3DC237D9-3BD7-45B2-A601-0C6E661B5492}"
EndProject
Global
	GlobalSection(SolutionConfigurationPlatforms) = preSolution
		Debug|Any CPU = Debug|Any CPU
		Release|Any CPU = Release|Any CPU
	EndGlobalSection
	GlobalSection(ProjectConfigurationPlatforms) = postSolution
		{0D80E7F8-73C9-4573-A381-2A000C69C3AF}.Debug|Any CPU.ActiveCfg = Debug|Any CPU
		{0D80E7F8-73C9-4573-A381-2A000C69C3AF}.Debug|Any CPU.Build.0 = Debug|Any CPU
		{0D80E7F8-73C9-4573-A381-2A000C69C3AF}.Release|Any CPU.ActiveCfg = Release|Any CPU
		{0D80E7F8-73C9-4573-A381-2A000C69C3AF}.Release|Any CPU.Build.0 = Release|Any CPU
		{509F046D-BA17-41EE-9372-0E1F3DE270DC}.Debug|Any CPU.ActiveCfg = Debug|Any CPU
		{509F046D-BA17-41EE-9372-0E1F3DE270DC}.Debug|Any CPU.Build.0 = Debug|Any CPU
		{509F046D-BA17-41EE-9372-0E1F3DE270DC}.Release|Any CPU.ActiveCfg = Release|Any CPU
		{509F046D-BA17-41EE-9372-0E1F3DE270DC}.Release|Any CPU.Build.0 = Release|Any CPU
		{1DAEC20C-3D98-4A0B-8FC7-A7A5E409A512}.Debug|Any CPU.ActiveCfg = Debug|Any CPU
		{1DAEC20C-3D98-4A0B-8FC7-A7A5E409A512}.Debug|Any CPU.Build.0 = Debug|Any CPU
		{1DAEC20C-3D98-4A0B-8FC7-A7A5E409A512}.Release|Any CPU.ActiveCfg = Release|Any CPU
		{1DAEC20C-3D98-4A0B-8FC7-A7A5E409A512}.Release|Any CPU.Build.0 = Release|Any CPU
		{C47D3BF1-9B5F-40DF-9F7D-23CB13730D55}.Debug|Any CPU.ActiveCfg = Debug|Any CPU
		{C47D3BF1-9B5F-40DF-9F7D-23CB13730D55}.Debug|Any CPU.Build.0 = Debug|Any CPU
		{C47D3BF1-9B5F-40DF-9F7D-23CB13730D55}.Release|Any CPU.ActiveCfg = Release|Any CPU
		{C47D3BF1-9B5F-40DF-9F7D-23CB13730D55}.Release|Any CPU.Build.0 = Release|Any CPU
		{77C6D77E-FF95-418F-B372-19723C2BF55D}.Debug|Any CPU.ActiveCfg = Debug|Any CPU
		{77C6D77E-FF95-418F-B372-19723C2BF55D}.Debug|Any CPU.Build.0 = Debug|Any CPU
		{77C6D77E-FF95-418F-B372-19723C2BF55D}.Release|Any CPU.ActiveCfg = Release|Any CPU
		{77C6D77E-FF95-418F-B372-19723C2BF55D}.Release|Any CPU.Build.0 = Release|Any CPU
		{941E3595-3CE5-44CB-9E1F-24F96904C67D}.Debug|Any CPU.ActiveCfg = Debug|Any CPU
		{941E3595-3CE5-44CB-9E1F-24F96904C67D}.Debug|Any CPU.Build.0 = Debug|Any CPU
		{941E3595-3CE5-44CB-9E1F-24F96904C67D}.Release|Any CPU.ActiveCfg = Release|Any CPU
		{941E3595-3CE5-44CB-9E1F-24F96904C67D}.Release|Any CPU.Build.0 = Release|Any CPU
		{107659E6-E2D2-48DF-BC08-71A454FEC47C}.Debug|Any CPU.ActiveCfg = Debug|Any CPU
		{107659E6-E2D2-48DF-BC08-71A454FEC47C}.Debug|Any CPU.Build.0 = Debug|Any CPU
		{107659E6-E2D2-48DF-BC08-71A454FEC47C}.Release|Any CPU.ActiveCfg = Release|Any CPU
		{107659E6-E2D2-48DF-BC08-71A454FEC47C}.Release|Any CPU.Build.0 = Release|Any CPU
		{A1BCD417-7C12-4D2E-88C6-AEDD030E2C7F}.Debug|Any CPU.ActiveCfg = Debug|Any CPU
		{A1BCD417-7C12-4D2E-88C6-AEDD030E2C7F}.Debug|Any CPU.Build.0 = Debug|Any CPU
		{A1BCD417-7C12-4D2E-88C6-AEDD030E2C7F}.Release|Any CPU.ActiveCfg = Release|Any CPU
		{A1BCD417-7C12-4D2E-88C6-AEDD030E2C7F}.Release|Any CPU.Build.0 = Release|Any CPU
		{D0AD40AF-D16E-4096-9531-7186CE2FD701}.Debug|Any CPU.ActiveCfg = Debug|Any CPU
		{D0AD40AF-D16E-4096-9531-7186CE2FD701}.Debug|Any CPU.Build.0 = Debug|Any CPU
		{D0AD40AF-D16E-4096-9531-7186CE2FD701}.Release|Any CPU.ActiveCfg = Release|Any CPU
		{D0AD40AF-D16E-4096-9531-7186CE2FD701}.Release|Any CPU.Build.0 = Release|Any CPU
		{3DC237D9-3BD7-45B2-A601-0C6E661B5492}.Debug|Any CPU.ActiveCfg = Debug|Any CPU
		{3DC237D9-3BD7-45B2-A601-0C6E661B5492}.Debug|Any CPU.Build.0 = Debug|Any CPU
		{3DC237D9-3BD7-45B2-A601-0C6E661B5492}.Release|Any CPU.ActiveCfg = Release|Any CPU
		{3DC237D9-3BD7-45B2-A601-0C6E661B5492}.Release|Any CPU.Build.0 = Release|Any CPU
	EndGlobalSection
EndGlobal
